
Microsoft Visual Studio Solution File, Format Version 12.00
# Visual Studio Version 17
VisualStudioVersion = 17.5.002.0
MinimumVisualStudioVersion = 10.0.40219.1
Project("{9A19103F-16F7-4668-BE54-9A1E7A4F7556}") = "Brimborium.SQLUniqueIdentifier", "Brimborium.SQLUniqueIdentifier\Brimborium.SQLUniqueIdentifier.csproj", "{A89F9DDB-21E7-480E-9C59-8BE003683B78}"
EndProject
Project("{FAE04EC0-301F-11D3-BF4B-00C04F79EFBC}") = "Brimborium.SQLUniqueIdentifier.Test", "Brimborium.SQLUniqueIdentifier.Test\Brimborium.SQLUniqueIdentifier.Test.csproj", "{F00322E5-F175-4987-A118-5124A10AA0CE}"
EndProject
Global
	GlobalSection(SolutionConfigurationPlatforms) = preSolution
		Debug|Any CPU = Debug|Any CPU
		Release|Any CPU = Release|Any CPU
	EndGlobalSection
	GlobalSection(ProjectConfigurationPlatforms) = postSolution
		{A89F9DDB-21E7-480E-9C59-8BE003683B78}.Debug|Any CPU.ActiveCfg = Debug|Any CPU
		{A89F9DDB-21E7-480E-9C59-8BE003683B78}.Debug|Any CPU.Build.0 = Debug|Any CPU
		{A89F9DDB-21E7-480E-9C59-8BE003683B78}.Release|Any CPU.ActiveCfg = Release|Any CPU
		{A89F9DDB-21E7-480E-9C59-8BE003683B78}.Release|Any CPU.Build.0 = Release|Any CPU
		{F00322E5-F175-4987-A118-5124A10AA0CE}.Debug|Any CPU.ActiveCfg = Debug|Any CPU
		{F00322E5-F175-4987-A118-5124A10AA0CE}.Debug|Any CPU.Build.0 = Debug|Any CPU
		{F00322E5-F175-4987-A118-5124A10AA0CE}.Release|Any CPU.ActiveCfg = Release|Any CPU
		{F00322E5-F175-4987-A118-5124A10AA0CE}.Release|Any CPU.Build.0 = Release|Any CPU
	EndGlobalSection
	GlobalSection(SolutionProperties) = preSolution
		HideSolutionNode = FALSE
	EndGlobalSection
	GlobalSection(ExtensibilityGlobals) = postSolution
		SolutionGuid = {E51400D1-BA8D-4761-B428-35D9D22DF65E}
	EndGlobalSection
EndGlobal
